
Microsoft Visual Studio Solution File, Format Version 12.00
# Visual Studio Version 16
VisualStudioVersion = 16.0.34729.46
MinimumVisualStudioVersion = 10.0.40219.1
Project("{FAE04EC0-301F-11D3-BF4B-00C04F79EFBC}") = "WindowsFormsApp1", "WindowsFormsApp1\WindowsFormsApp1.csproj", "{272C3033-2C7D-44E6-A607-9B9A82E3CD01}"
EndProject
Global
	GlobalSection(SolutionConfigurationPlatforms) = preSolution
		Debug|Any CPU = Debug|Any CPU
		Release|Any CPU = Release|Any CPU
	EndGlobalSection
	GlobalSection(ProjectConfigurationPlatforms) = postSolution
		{272C3033-2C7D-44E6-A607-9B9A82E3CD01}.Debug|Any CPU.ActiveCfg = Debug|Any CPU
		{272C3033-2C7D-44E6-A607-9B9A82E3CD01}.Debug|Any CPU.Build.0 = Debug|Any CPU
		{272C3033-2C7D-44E6-A607-9B9A82E3CD01}.Release|Any CPU.ActiveCfg = Release|Any CPU
		{272C3033-2C7D-44E6-A607-9B9A82E3CD01}.Release|Any CPU.Build.0 = Release|Any CPU
	EndGlobalSection
	GlobalSection(SolutionProperties) = preSolution
		HideSolutionNode = FALSE
	EndGlobalSection
	GlobalSection(ExtensibilityGlobals) = postSolution
		SolutionGuid = {5C3232A7-63CE-4330-8F3F-DE3BC2607FF0}
	EndGlobalSection
EndGlobal
